
Microsoft Visual Studio Solution File, Format Version 12.00
# Visual Studio 14
VisualStudioVersion = 14.0.25420.1
MinimumVisualStudioVersion = 10.0.40219.1
Project("{FAE04EC0-301F-11D3-BF4B-00C04F79EFBC}") = "web.api", "web.api\web.api.csproj", "{33ADB4E7-5D91-4AA7-8F50-E0B8700388B2}"
EndProject
Project("{FAE04EC0-301F-11D3-BF4B-00C04F79EFBC}") = "web.data", "web.data\web.data.csproj", "{1A494586-AEA3-4B27-8A63-5C6D5A387521}"
EndProject
Project("{FAE04EC0-301F-11D3-BF4B-00C04F79EFBC}") = "web.services", "web.services\web.services.csproj", "{D1627831-3EE2-4735-873A-4FCB66205356}"
EndProject
Project("{FAE04EC0-301F-11D3-BF4B-00C04F79EFBC}") = "web.entities", "web.entities\web.entities.csproj", "{172C45D2-ABCC-47AA-9559-F56E8DB4E249}"
EndProject
Project("{FAE04EC0-301F-11D3-BF4B-00C04F79EFBC}") = "web.viewModel", "web.viewModel\web.viewModel.csproj", "{57A79C82-4ABE-4B86-B2E5-441725E9F7C2}"
EndProject
Global
	GlobalSection(SolutionConfigurationPlatforms) = preSolution
		Debug|Any CPU = Debug|Any CPU
		Release|Any CPU = Release|Any CPU
	EndGlobalSection
	GlobalSection(ProjectConfigurationPlatforms) = postSolution
		{33ADB4E7-5D91-4AA7-8F50-E0B8700388B2}.Debug|Any CPU.ActiveCfg = Debug|Any CPU
		{33ADB4E7-5D91-4AA7-8F50-E0B8700388B2}.Debug|Any CPU.Build.0 = Debug|Any CPU
		{33ADB4E7-5D91-4AA7-8F50-E0B8700388B2}.Release|Any CPU.ActiveCfg = Release|Any CPU
		{33ADB4E7-5D91-4AA7-8F50-E0B8700388B2}.Release|Any CPU.Build.0 = Release|Any CPU
		{1A494586-AEA3-4B27-8A63-5C6D5A387521}.Debug|Any CPU.ActiveCfg = Debug|Any CPU
		{1A494586-AEA3-4B27-8A63-5C6D5A387521}.Debug|Any CPU.Build.0 = Debug|Any CPU
		{1A494586-AEA3-4B27-8A63-5C6D5A387521}.Release|Any CPU.ActiveCfg = Release|Any CPU
		{1A494586-AEA3-4B27-8A63-5C6D5A387521}.Release|Any CPU.Build.0 = Release|Any CPU
		{D1627831-3EE2-4735-873A-4FCB66205356}.Debug|Any CPU.ActiveCfg = Debug|Any CPU
		{D1627831-3EE2-4735-873A-4FCB66205356}.Debug|Any CPU.Build.0 = Debug|Any CPU
		{D1627831-3EE2-4735-873A-4FCB66205356}.Release|Any CPU.ActiveCfg = Release|Any CPU
		{D1627831-3EE2-4735-873A-4FCB66205356}.Release|Any CPU.Build.0 = Release|Any CPU
		{172C45D2-ABCC-47AA-9559-F56E8DB4E249}.Debug|Any CPU.ActiveCfg = Debug|Any CPU
		{172C45D2-ABCC-47AA-9559-F56E8DB4E249}.Debug|Any CPU.Build.0 = Debug|Any CPU
		{172C45D2-ABCC-47AA-9559-F56E8DB4E249}.Release|Any CPU.ActiveCfg = Release|Any CPU
		{172C45D2-ABCC-47AA-9559-F56E8DB4E249}.Release|Any CPU.Build.0 = Release|Any CPU
		{57A79C82-4ABE-4B86-B2E5-441725E9F7C2}.Debug|Any CPU.ActiveCfg = Debug|Any CPU
		{57A79C82-4ABE-4B86-B2E5-441725E9F7C2}.Debug|Any CPU.Build.0 = Debug|Any CPU
		{57A79C82-4ABE-4B86-B2E5-441725E9F7C2}.Release|Any CPU.ActiveCfg = Release|Any CPU
		{57A79C82-4ABE-4B86-B2E5-441725E9F7C2}.Release|Any CPU.Build.0 = Release|Any CPU
	EndGlobalSection
	GlobalSection(SolutionProperties) = preSolution
		HideSolutionNode = FALSE
	EndGlobalSection
EndGlobal
